
Microsoft Visual Studio Solution File, Format Version 12.00
# Visual Studio 15
VisualStudioVersion = 15.0.27428.2015
MinimumVisualStudioVersion = 10.0.40219.1
Project("{FAE04EC0-301F-11D3-BF4B-00C04F79EFBC}") = "Calculos", "Calculos\Calculos.csproj", "{644AC83C-DA3A-45FF-9D13-880FED020B0A}"
EndProject
Project("{FAE04EC0-301F-11D3-BF4B-00C04F79EFBC}") = "TestaCalculos", "TestaCalculos\TestaCalculos.csproj", "{2C5FFCAA-4239-4ECB-B300-E41FF1598C93}"
EndProject
Global
	GlobalSection(SolutionConfigurationPlatforms) = preSolution
		Debug|Any CPU = Debug|Any CPU
		Release|Any CPU = Release|Any CPU
	EndGlobalSection
	GlobalSection(ProjectConfigurationPlatforms) = postSolution
		{644AC83C-DA3A-45FF-9D13-880FED020B0A}.Debug|Any CPU.ActiveCfg = Debug|Any CPU
		{644AC83C-DA3A-45FF-9D13-880FED020B0A}.Debug|Any CPU.Build.0 = Debug|Any CPU
		{644AC83C-DA3A-45FF-9D13-880FED020B0A}.Release|Any CPU.ActiveCfg = Release|Any CPU
		{644AC83C-DA3A-45FF-9D13-880FED020B0A}.Release|Any CPU.Build.0 = Release|Any CPU
		{2C5FFCAA-4239-4ECB-B300-E41FF1598C93}.Debug|Any CPU.ActiveCfg = Debug|Any CPU
		{2C5FFCAA-4239-4ECB-B300-E41FF1598C93}.Debug|Any CPU.Build.0 = Debug|Any CPU
		{2C5FFCAA-4239-4ECB-B300-E41FF1598C93}.Release|Any CPU.ActiveCfg = Release|Any CPU
		{2C5FFCAA-4239-4ECB-B300-E41FF1598C93}.Release|Any CPU.Build.0 = Release|Any CPU
	EndGlobalSection
	GlobalSection(SolutionProperties) = preSolution
		HideSolutionNode = FALSE
	EndGlobalSection
	GlobalSection(ExtensibilityGlobals) = postSolution
		SolutionGuid = {9CD1E763-0D0A-410D-92C2-39DF47452521}
	EndGlobalSection
EndGlobal
